
Microsoft Visual Studio Solution File, Format Version 12.00
# Visual Studio Version 17
VisualStudioVersion = 17.0.31903.59
MinimumVisualStudioVersion = 10.0.40219.1
Project("{FAE04EC0-301F-11D3-BF4B-00C04F79EFBC}") = "KYCDocumentAPI.API", "KYCDocumentAPI.API\KYCDocumentAPI.API.csproj", "{146C9F50-5792-4E3B-BDA5-B643EA0CA675}"
EndProject
Project("{FAE04EC0-301F-11D3-BF4B-00C04F79EFBC}") = "KYCDocumentAPI.Core", "KYCDocumentAPI.Core\KYCDocumentAPI.Core.csproj", "{3409D2FE-9CE8-4C3B-A273-3FF75CF31CA6}"
EndProject
Project("{FAE04EC0-301F-11D3-BF4B-00C04F79EFBC}") = "KYCDocumentAPI.Infrastructure", "KYCDocumentAPI.Infrastructure\KYCDocumentAPI.Infrastructure.csproj", "{6038E22E-8210-4E8F-9BC2-2321961ABF42}"
EndProject
Project("{FAE04EC0-301F-11D3-BF4B-00C04F79EFBC}") = "KYCDocumentAPI.ML", "KYCDocumentAPI.ML\KYCDocumentAPI.ML.csproj", "{8A3CE6C6-F275-4C75-90ED-564739B4FE93}"
EndProject
Global
	GlobalSection(SolutionConfigurationPlatforms) = preSolution
		Debug|Any CPU = Debug|Any CPU
		Debug|x64 = Debug|x64
		Debug|x86 = Debug|x86
		Release|Any CPU = Release|Any CPU
		Release|x64 = Release|x64
		Release|x86 = Release|x86
	EndGlobalSection
	GlobalSection(ProjectConfigurationPlatforms) = postSolution
		{146C9F50-5792-4E3B-BDA5-B643EA0CA675}.Debug|Any CPU.ActiveCfg = Debug|Any CPU
		{146C9F50-5792-4E3B-BDA5-B643EA0CA675}.Debug|Any CPU.Build.0 = Debug|Any CPU
		{146C9F50-5792-4E3B-BDA5-B643EA0CA675}.Debug|x64.ActiveCfg = Debug|Any CPU
		{146C9F50-5792-4E3B-BDA5-B643EA0CA675}.Debug|x64.Build.0 = Debug|Any CPU
		{146C9F50-5792-4E3B-BDA5-B643EA0CA675}.Debug|x86.ActiveCfg = Debug|Any CPU
		{146C9F50-5792-4E3B-BDA5-B643EA0CA675}.Debug|x86.Build.0 = Debug|Any CPU
		{146C9F50-5792-4E3B-BDA5-B643EA0CA675}.Release|Any CPU.ActiveCfg = Release|Any CPU
		{146C9F50-5792-4E3B-BDA5-B643EA0CA675}.Release|Any CPU.Build.0 = Release|Any CPU
		{146C9F50-5792-4E3B-BDA5-B643EA0CA675}.Release|x64.ActiveCfg = Release|Any CPU
		{146C9F50-5792-4E3B-BDA5-B643EA0CA675}.Release|x64.Build.0 = Release|Any CPU
		{146C9F50-5792-4E3B-BDA5-B643EA0CA675}.Release|x86.ActiveCfg = Release|Any CPU
		{146C9F50-5792-4E3B-BDA5-B643EA0CA675}.Release|x86.Build.0 = Release|Any CPU
		{3409D2FE-9CE8-4C3B-A273-3FF75CF31CA6}.Debug|Any CPU.ActiveCfg = Debug|Any CPU
		{3409D2FE-9CE8-4C3B-A273-3FF75CF31CA6}.Debug|Any CPU.Build.0 = Debug|Any CPU
		{3409D2FE-9CE8-4C3B-A273-3FF75CF31CA6}.Debug|x64.ActiveCfg = Debug|Any CPU
		{3409D2FE-9CE8-4C3B-A273-3FF75CF31CA6}.Debug|x64.Build.0 = Debug|Any CPU
		{3409D2FE-9CE8-4C3B-A273-3FF75CF31CA6}.Debug|x86.ActiveCfg = Debug|Any CPU
		{3409D2FE-9CE8-4C3B-A273-3FF75CF31CA6}.Debug|x86.Build.0 = Debug|Any CPU
		{3409D2FE-9CE8-4C3B-A273-3FF75CF31CA6}.Release|Any CPU.ActiveCfg = Release|Any CPU
		{3409D2FE-9CE8-4C3B-A273-3FF75CF31CA6}.Release|Any CPU.Build.0 = Release|Any CPU
		{3409D2FE-9CE8-4C3B-A273-3FF75CF31CA6}.Release|x64.ActiveCfg = Release|Any CPU
		{3409D2FE-9CE8-4C3B-A273-3FF75CF31CA6}.Release|x64.Build.0 = Release|Any CPU
		{3409D2FE-9CE8-4C3B-A273-3FF75CF31CA6}.Release|x86.ActiveCfg = Release|Any CPU
		{3409D2FE-9CE8-4C3B-A273-3FF75CF31CA6}.Release|x86.Build.0 = Release|Any CPU
		{6038E22E-8210-4E8F-9BC2-2321961ABF42}.Debug|Any CPU.ActiveCfg = Debug|Any CPU
		{6038E22E-8210-4E8F-9BC2-2321961ABF42}.Debug|Any CPU.Build.0 = Debug|Any CPU
		{6038E22E-8210-4E8F-9BC2-2321961ABF42}.Debug|x64.ActiveCfg = Debug|Any CPU
		{6038E22E-8210-4E8F-9BC2-2321961ABF42}.Debug|x64.Build.0 = Debug|Any CPU
		{6038E22E-8210-4E8F-9BC2-2321961ABF42}.Debug|x86.ActiveCfg = Debug|Any CPU
		{6038E22E-8210-4E8F-9BC2-2321961ABF42}.Debug|x86.Build.0 = Debug|Any CPU
		{6038E22E-8210-4E8F-9BC2-2321961ABF42}.Release|Any CPU.ActiveCfg = Release|Any CPU
		{6038E22E-8210-4E8F-9BC2-2321961ABF42}.Release|Any CPU.Build.0 = Release|Any CPU
		{6038E22E-8210-4E8F-9BC2-2321961ABF42}.Release|x64.ActiveCfg = Release|Any CPU
		{6038E22E-8210-4E8F-9BC2-2321961ABF42}.Release|x64.Build.0 = Release|Any CPU
		{6038E22E-8210-4E8F-9BC2-2321961ABF42}.Release|x86.ActiveCfg = Release|Any CPU
		{6038E22E-8210-4E8F-9BC2-2321961ABF42}.Release|x86.Build.0 = Release|Any CPU
		{8A3CE6C6-F275-4C75-90ED-564739B4FE93}.Debug|Any CPU.ActiveCfg = Debug|Any CPU
		{8A3CE6C6-F275-4C75-90ED-564739B4FE93}.Debug|Any CPU.Build.0 = Debug|Any CPU
		{8A3CE6C6-F275-4C75-90ED-564739B4FE93}.Debug|x64.ActiveCfg = Debug|Any CPU
		{8A3CE6C6-F275-4C75-90ED-564739B4FE93}.Debug|x64.Build.0 = Debug|Any CPU
		{8A3CE6C6-F275-4C75-90ED-564739B4FE93}.Debug|x86.ActiveCfg = Debug|Any CPU
		{8A3CE6C6-F275-4C75-90ED-564739B4FE93}.Debug|x86.Build.0 = Debug|Any CPU
		{8A3CE6C6-F275-4C75-90ED-564739B4FE93}.Release|Any CPU.ActiveCfg = Release|Any CPU
		{8A3CE6C6-F275-4C75-90ED-564739B4FE93}.Release|Any CPU.Build.0 = Release|Any CPU
		{8A3CE6C6-F275-4C75-90ED-564739B4FE93}.Release|x64.ActiveCfg = Release|Any CPU
		{8A3CE6C6-F275-4C75-90ED-564739B4FE93}.Release|x64.Build.0 = Release|Any CPU
		{8A3CE6C6-F275-4C75-90ED-564739B4FE93}.Release|x86.ActiveCfg = Release|Any CPU
		{8A3CE6C6-F275-4C75-90ED-564739B4FE93}.Release|x86.Build.0 = Release|Any CPU
	EndGlobalSection
	GlobalSection(SolutionProperties) = preSolution
		HideSolutionNode = FALSE
	EndGlobalSection
EndGlobal
